{
  "name": "initnpm",
  "version": "1.0.0",
  "lockfileVersion": 1,
  "requires": true,
  "dependencies": {
    "geometry-calculator-x": {
      "version": "1.0.1",
      "resolved": "https://registry.npmjs.org/geometry-calculator-x/-/geometry-calculator-x-1.0.1.tgz",
      "integrity": "sha1-85lpxBgiHyKJR9hlKuP3mbSHJwo="
    }
  }
}
